// !$*UTF8*$!
{
	archiveVersion = 1;
	classes = {
	};
	objectVersion = 46;
	objects = {

/* Begin PBXBuildFile section */
		0635239C1DB0A51900A841EA /* CHChatKitTests.m in Sources */ = {isa = PBXBuildFile; fileRef = 0635239B1DB0A51900A841EA /* CHChatKitTests.m */; };
		0655C2AA1DCA175800B8DA9F /* YYFPSLabel.m in Sources */ = {isa = PBXBuildFile; fileRef = 0655C2A71DCA175800B8DA9F /* YYFPSLabel.m */; };
		0655C2AB1DCA175800B8DA9F /* YYWeakProxy.m in Sources */ = {isa = PBXBuildFile; fileRef = 0655C2A91DCA175800B8DA9F /* YYWeakProxy.m */; };
		067F60891E88DD3800060092 /* MyChatViewController.m in Sources */ = {isa = PBXBuildFile; fileRef = 067F60881E88DD3800060092 /* MyChatViewController.m */; };
		067F608C1E88DEB400060092 /* ConversationTableController.m in Sources */ = {isa = PBXBuildFile; fileRef = 067F608B1E88DEB400060092 /* ConversationTableController.m */; };
		0692756C1D77DAE200CAB0A5 /* AppDelegate.m in Sources */ = {isa = PBXBuildFile; fileRef = 069275551D77DAE200CAB0A5 /* AppDelegate.m */; };
		0692756D1D77DAE200CAB0A5 /* Assets.xcassets in Resources */ = {isa = PBXBuildFile; fileRef = 069275561D77DAE200CAB0A5 /* Assets.xcassets */; };
		0692756E1D77DAE200CAB0A5 /* LaunchScreen.storyboard in Resources */ = {isa = PBXBuildFile; fileRef = 069275571D77DAE200CAB0A5 /* LaunchScreen.storyboard */; };
		0692756F1D77DAE200CAB0A5 /* Main.storyboard in Resources */ = {isa = PBXBuildFile; fileRef = 069275591D77DAE200CAB0A5 /* Main.storyboard */; };
		069275711D77DAE200CAB0A5 /* main.m in Sources */ = {isa = PBXBuildFile; fileRef = 0692755C1D77DAE200CAB0A5 /* main.m */; };
		069275721D77DAE200CAB0A5 /* ViewController.m in Sources */ = {isa = PBXBuildFile; fileRef = 0692755E1D77DAE200CAB0A5 /* ViewController.m */; };
		06DD8ED61DC71DCA00A6F048 /* libHyphenateSDK.a in Frameworks */ = {isa = PBXBuildFile; fileRef = 06DD8ED51DC71DCA00A6F048 /* libHyphenateSDK.a */; };
		06E618071DAB414800E11B96 /* CoreMedia.framework in Frameworks */ = {isa = PBXBuildFile; fileRef = 06E618061DAB414800E11B96 /* CoreMedia.framework */; };
		06E618091DAB414E00E11B96 /* AudioToolbox.framework in Frameworks */ = {isa = PBXBuildFile; fileRef = 06E618081DAB414E00E11B96 /* AudioToolbox.framework */; };
		06E6180B1DAB415200E11B96 /* AVFoundation.framework in Frameworks */ = {isa = PBXBuildFile; fileRef = 06E6180A1DAB415200E11B96 /* AVFoundation.framework */; };
		06E6180D1DAB415800E11B96 /* MobileCoreServices.framework in Frameworks */ = {isa = PBXBuildFile; fileRef = 06E6180C1DAB415800E11B96 /* MobileCoreServices.framework */; };
		06E6180F1DAB415C00E11B96 /* ImageIO.framework in Frameworks */ = {isa = PBXBuildFile; fileRef = 06E6180E1DAB415C00E11B96 /* ImageIO.framework */; };
		06E618111DAB416200E11B96 /* libz.tbd in Frameworks */ = {isa = PBXBuildFile; fileRef = 06E618101DAB416200E11B96 /* libz.tbd */; };
		06E618131DAB416A00E11B96 /* libc++.tbd in Frameworks */ = {isa = PBXBuildFile; fileRef = 06E618121DAB416900E11B96 /* libc++.tbd */; };
		06E618151DAB417000E11B96 /* libstdc++.6.0.9.tbd in Frameworks */ = {isa = PBXBuildFile; fileRef = 06E618141DAB417000E11B96 /* libstdc++.6.0.9.tbd */; };
		06E618171DAB417A00E11B96 /* libsqlite3.tbd in Frameworks */ = {isa = PBXBuildFile; fileRef = 06E618161DAB417A00E11B96 /* libsqlite3.tbd */; };
		06E72F171DC1B1040054A4B9 /* MessageTest.plist in Resources */ = {isa = PBXBuildFile; fileRef = 06E72F151DC1B1040054A4B9 /* MessageTest.plist */; };
		06E72F181DC1B1040054A4B9 /* MessageTest2.plist in Resources */ = {isa = PBXBuildFile; fileRef = 06E72F161DC1B1040054A4B9 /* MessageTest2.plist */; };
		06E72F1B1DC1CF100054A4B9 /* EMMessageHandler.m in Sources */ = {isa = PBXBuildFile; fileRef = 06E72F1A1DC1CF100054A4B9 /* EMMessageHandler.m */; };
		06E72F1E1DC1E3110054A4B9 /* AppDelegate+Extensions.m in Sources */ = {isa = PBXBuildFile; fileRef = 06E72F1D1DC1E3110054A4B9 /* AppDelegate+Extensions.m */; };
		8281987977E16A6DC5551111 /* libPods-CHChatKitTests.a in Frameworks */ = {isa = PBXBuildFile; fileRef = EB18B39083970533DDBBC489 /* libPods-CHChatKitTests.a */; };
		86F5AB786DE6F4086C6E05E5 /* libPods-CHChatKit.a in Frameworks */ = {isa = PBXBuildFile; fileRef = D1B3BE70589A5033D5F0B177 /* libPods-CHChatKit.a */; };
/* End PBXBuildFile section */

/* Begin PBXContainerItemProxy section */
		0635239E1DB0A51900A841EA /* PBXContainerItemProxy */ = {
			isa = PBXContainerItemProxy;
			containerPortal = 069275311D77DA7900CAB0A5 /* Project object */;
			proxyType = 1;
			remoteGlobalIDString = 069275381D77DA7900CAB0A5;
			remoteInfo = CHChatKit;
		};
/* End PBXContainerItemProxy section */

/* Begin PBXFileReference section */
		063523991DB0A51900A841EA /* CHChatKitTests.xctest */ = {isa = PBXFileReference; explicitFileType = wrapper.cfbundle; includeInIndex = 0; path = CHChatKitTests.xctest; sourceTree = BUILT_PRODUCTS_DIR; };
		0635239B1DB0A51900A841EA /* CHChatKitTests.m */ = {isa = PBXFileReference; lastKnownFileType = sourcecode.c.objc; path = CHChatKitTests.m; sourceTree = "<group>"; };
		0635239D1DB0A51900A841EA /* Info.plist */ = {isa = PBXFileReference; lastKnownFileType = text.plist.xml; path = Info.plist; sourceTree = "<group>"; };
		0655C2A61DCA175800B8DA9F /* YYFPSLabel.h */ = {isa = PBXFileReference; fileEncoding = 4; lastKnownFileType = sourcecode.c.h; path = YYFPSLabel.h; sourceTree = "<group>"; };
		0655C2A71DCA175800B8DA9F /* YYFPSLabel.m */ = {isa = PBXFileReference; fileEncoding = 4; lastKnownFileType = sourcecode.c.objc; path = YYFPSLabel.m; sourceTree = "<group>"; };
		0655C2A81DCA175800B8DA9F /* YYWeakProxy.h */ = {isa = PBXFileReference; fileEncoding = 4; lastKnownFileType = sourcecode.c.h; path = YYWeakProxy.h; sourceTree = "<group>"; };
		0655C2A91DCA175800B8DA9F /* YYWeakProxy.m */ = {isa = PBXFileReference; fileEncoding = 4; lastKnownFileType = sourcecode.c.objc; path = YYWeakProxy.m; sourceTree = "<group>"; };
		067F60871E88DD3800060092 /* MyChatViewController.h */ = {isa = PBXFileReference; fileEncoding = 4; lastKnownFileType = sourcecode.c.h; path = MyChatViewController.h; sourceTree = "<group>"; };
		067F60881E88DD3800060092 /* MyChatViewController.m */ = {isa = PBXFileReference; fileEncoding = 4; lastKnownFileType = sourcecode.c.objc; path = MyChatViewController.m; sourceTree = "<group>"; };
		067F608A1E88DEB400060092 /* ConversationTableController.h */ = {isa = PBXFileReference; fileEncoding = 4; lastKnownFileType = sourcecode.c.h; path = ConversationTableController.h; sourceTree = "<group>"; };
		067F608B1E88DEB400060092 /* ConversationTableController.m */ = {isa = PBXFileReference; fileEncoding = 4; lastKnownFileType = sourcecode.c.objc; path = ConversationTableController.m; sourceTree = "<group>"; };
		069275391D77DA7900CAB0A5 /* CHChatKit.app */ = {isa = PBXFileReference; explicitFileType = wrapper.application; includeInIndex = 0; path = CHChatKit.app; sourceTree = BUILT_PRODUCTS_DIR; };
		069275541D77DAE200CAB0A5 /* AppDelegate.h */ = {isa = PBXFileReference; fileEncoding = 4; lastKnownFileType = sourcecode.c.h; path = AppDelegate.h; sourceTree = "<group>"; };
		069275551D77DAE200CAB0A5 /* AppDelegate.m */ = {isa = PBXFileReference; fileEncoding = 4; lastKnownFileType = sourcecode.c.objc; path = AppDelegate.m; sourceTree = "<group>"; };
		069275561D77DAE200CAB0A5 /* Assets.xcassets */ = {isa = PBXFileReference; lastKnownFileType = folder.assetcatalog; path = Assets.xcassets; sourceTree = "<group>"; };
		069275581D77DAE200CAB0A5 /* Base */ = {isa = PBXFileReference; lastKnownFileType = file.storyboard; name = Base; path = Base.lproj/LaunchScreen.storyboard; sourceTree = "<group>"; };
		0692755A1D77DAE200CAB0A5 /* Base */ = {isa = PBXFileReference; lastKnownFileType = file.storyboard; name = Base; path = Base.lproj/Main.storyboard; sourceTree = "<group>"; };
		0692755B1D77DAE200CAB0A5 /* Info.plist */ = {isa = PBXFileReference; fileEncoding = 4; lastKnownFileType = text.plist.xml; path = Info.plist; sourceTree = "<group>"; };
		0692755C1D77DAE200CAB0A5 /* main.m */ = {isa = PBXFileReference; fileEncoding = 4; lastKnownFileType = sourcecode.c.objc; path = main.m; sourceTree = "<group>"; };
		0692755D1D77DAE200CAB0A5 /* ViewController.h */ = {isa = PBXFileReference; fileEncoding = 4; lastKnownFileType = sourcecode.c.h; path = ViewController.h; sourceTree = "<group>"; };
		0692755E1D77DAE200CAB0A5 /* ViewController.m */ = {isa = PBXFileReference; fileEncoding = 4; lastKnownFileType = sourcecode.c.objc; path = ViewController.m; sourceTree = "<group>"; };
		06DD8EB51DC71DCA00A6F048 /* EMChatManagerDelegate.h */ = {isa = PBXFileReference; fileEncoding = 4; lastKnownFileType = sourcecode.c.h; path = EMChatManagerDelegate.h; sourceTree = "<group>"; };
		06DD8EB61DC71DCA00A6F048 /* EMChatroom.h */ = {isa = PBXFileReference; fileEncoding = 4; lastKnownFileType = sourcecode.c.h; path = EMChatroom.h; sourceTree = "<group>"; };
		06DD8EB71DC71DCA00A6F048 /* EMChatroomManagerDelegate.h */ = {isa = PBXFileReference; fileEncoding = 4; lastKnownFileType = sourcecode.c.h; path = EMChatroomManagerDelegate.h; sourceTree = "<group>"; };
		06DD8EB81DC71DCA00A6F048 /* EMClient.h */ = {isa = PBXFileReference; fileEncoding = 4; lastKnownFileType = sourcecode.c.h; path = EMClient.h; sourceTree = "<group>"; };
		06DD8EB91DC71DCA00A6F048 /* EMClientDelegate.h */ = {isa = PBXFileReference; fileEncoding = 4; lastKnownFileType = sourcecode.c.h; path = EMClientDelegate.h; sourceTree = "<group>"; };
		06DD8EBA1DC71DCA00A6F048 /* EMCmdMessageBody.h */ = {isa = PBXFileReference; fileEncoding = 4; lastKnownFileType = sourcecode.c.h; path = EMCmdMessageBody.h; sourceTree = "<group>"; };
		06DD8EBB1DC71DCA00A6F048 /* EMCommonDefs.h */ = {isa = PBXFileReference; fileEncoding = 4; lastKnownFileType = sourcecode.c.h; path = EMCommonDefs.h; sourceTree = "<group>"; };
		06DD8EBC1DC71DCA00A6F048 /* EMContactManagerDelegate.h */ = {isa = PBXFileReference; fileEncoding = 4; lastKnownFileType = sourcecode.c.h; path = EMContactManagerDelegate.h; sourceTree = "<group>"; };
		06DD8EBD1DC71DCA00A6F048 /* EMConversation.h */ = {isa = PBXFileReference; fileEncoding = 4; lastKnownFileType = sourcecode.c.h; path = EMConversation.h; sourceTree = "<group>"; };
		06DD8EBE1DC71DCA00A6F048 /* EMCursorResult.h */ = {isa = PBXFileReference; fileEncoding = 4; lastKnownFileType = sourcecode.c.h; path = EMCursorResult.h; sourceTree = "<group>"; };
		06DD8EBF1DC71DCA00A6F048 /* EMError.h */ = {isa = PBXFileReference; fileEncoding = 4; lastKnownFileType = sourcecode.c.h; path = EMError.h; sourceTree = "<group>"; };
		06DD8EC01DC71DCA00A6F048 /* EMErrorCode.h */ = {isa = PBXFileReference; fileEncoding = 4; lastKnownFileType = sourcecode.c.h; path = EMErrorCode.h; sourceTree = "<group>"; };
		06DD8EC11DC71DCA00A6F048 /* EMFileMessageBody.h */ = {isa = PBXFileReference; fileEncoding = 4; lastKnownFileType = sourcecode.c.h; path = EMFileMessageBody.h; sourceTree = "<group>"; };
		06DD8EC21DC71DCA00A6F048 /* EMGroup.h */ = {isa = PBXFileReference; fileEncoding = 4; lastKnownFileType = sourcecode.c.h; path = EMGroup.h; sourceTree = "<group>"; };
		06DD8EC31DC71DCA00A6F048 /* EMGroupManagerDelegate.h */ = {isa = PBXFileReference; fileEncoding = 4; lastKnownFileType = sourcecode.c.h; path = EMGroupManagerDelegate.h; sourceTree = "<group>"; };
		06DD8EC41DC71DCA00A6F048 /* EMGroupOptions.h */ = {isa = PBXFileReference; fileEncoding = 4; lastKnownFileType = sourcecode.c.h; path = EMGroupOptions.h; sourceTree = "<group>"; };
		06DD8EC51DC71DCA00A6F048 /* EMImageMessageBody.h */ = {isa = PBXFileReference; fileEncoding = 4; lastKnownFileType = sourcecode.c.h; path = EMImageMessageBody.h; sourceTree = "<group>"; };
		06DD8EC61DC71DCA00A6F048 /* EMLocationMessageBody.h */ = {isa = PBXFileReference; fileEncoding = 4; lastKnownFileType = sourcecode.c.h; path = EMLocationMessageBody.h; sourceTree = "<group>"; };
		06DD8EC71DC71DCA00A6F048 /* EMMessage.h */ = {isa = PBXFileReference; fileEncoding = 4; lastKnownFileType = sourcecode.c.h; path = EMMessage.h; sourceTree = "<group>"; };
		06DD8EC81DC71DCA00A6F048 /* EMMessageBody.h */ = {isa = PBXFileReference; fileEncoding = 4; lastKnownFileType = sourcecode.c.h; path = EMMessageBody.h; sourceTree = "<group>"; };
		06DD8EC91DC71DCA00A6F048 /* EMOptions+PrivateDeploy.h */ = {isa = PBXFileReference; fileEncoding = 4; lastKnownFileType = sourcecode.c.h; path = "EMOptions+PrivateDeploy.h"; sourceTree = "<group>"; };
		06DD8ECA1DC71DCA00A6F048 /* EMOptions.h */ = {isa = PBXFileReference; fileEncoding = 4; lastKnownFileType = sourcecode.c.h; path = EMOptions.h; sourceTree = "<group>"; };
		06DD8ECB1DC71DCA00A6F048 /* EMPushOptions.h */ = {isa = PBXFileReference; fileEncoding = 4; lastKnownFileType = sourcecode.c.h; path = EMPushOptions.h; sourceTree = "<group>"; };
		06DD8ECC1DC71DCA00A6F048 /* EMSDK.h */ = {isa = PBXFileReference; fileEncoding = 4; lastKnownFileType = sourcecode.c.h; path = EMSDK.h; sourceTree = "<group>"; };
		06DD8ECD1DC71DCA00A6F048 /* EMTextMessageBody.h */ = {isa = PBXFileReference; fileEncoding = 4; lastKnownFileType = sourcecode.c.h; path = EMTextMessageBody.h; sourceTree = "<group>"; };
		06DD8ECE1DC71DCA00A6F048 /* EMVideoMessageBody.h */ = {isa = PBXFileReference; fileEncoding = 4; lastKnownFileType = sourcecode.c.h; path = EMVideoMessageBody.h; sourceTree = "<group>"; };
		06DD8ECF1DC71DCA00A6F048 /* EMVoiceMessageBody.h */ = {isa = PBXFileReference; fileEncoding = 4; lastKnownFileType = sourcecode.c.h; path = EMVoiceMessageBody.h; sourceTree = "<group>"; };
		06DD8ED01DC71DCA00A6F048 /* IEMChatManager.h */ = {isa = PBXFileReference; fileEncoding = 4; lastKnownFileType = sourcecode.c.h; path = IEMChatManager.h; sourceTree = "<group>"; };
		06DD8ED11DC71DCA00A6F048 /* IEMChatroomManager.h */ = {isa = PBXFileReference; fileEncoding = 4; lastKnownFileType = sourcecode.c.h; path = IEMChatroomManager.h; sourceTree = "<group>"; };
		06DD8ED21DC71DCA00A6F048 /* IEMContactManager.h */ = {isa = PBXFileReference; fileEncoding = 4; lastKnownFileType = sourcecode.c.h; path = IEMContactManager.h; sourceTree = "<group>"; };
		06DD8ED31DC71DCA00A6F048 /* IEMGroupManager.h */ = {isa = PBXFileReference; fileEncoding = 4; lastKnownFileType = sourcecode.c.h; path = IEMGroupManager.h; sourceTree = "<group>"; };
		06DD8ED51DC71DCA00A6F048 /* libHyphenateSDK.a */ = {isa = PBXFileReference; lastKnownFileType = archive.ar; path = libHyphenateSDK.a; sourceTree = "<group>"; };
		06E618061DAB414800E11B96 /* CoreMedia.framework */ = {isa = PBXFileReference; lastKnownFileType = wrapper.framework; name = CoreMedia.framework; path = System/Library/Frameworks/CoreMedia.framework; sourceTree = SDKROOT; };
		06E618081DAB414E00E11B96 /* AudioToolbox.framework */ = {isa = PBXFileReference; lastKnownFileType = wrapper.framework; name = AudioToolbox.framework; path = System/Library/Frameworks/AudioToolbox.framework; sourceTree = SDKROOT; };
		06E6180A1DAB415200E11B96 /* AVFoundation.framework */ = {isa = PBXFileReference; lastKnownFileType = wrapper.framework; name = AVFoundation.framework; path = System/Library/Frameworks/AVFoundation.framework; sourceTree = SDKROOT; };
		06E6180C1DAB415800E11B96 /* MobileCoreServices.framework */ = {isa = PBXFileReference; lastKnownFileType = wrapper.framework; name = MobileCoreServices.framework; path = System/Library/Frameworks/MobileCoreServices.framework; sourceTree = SDKROOT; };
		06E6180E1DAB415C00E11B96 /* ImageIO.framework */ = {isa = PBXFileReference; lastKnownFileType = wrapper.framework; name = ImageIO.framework; path = System/Library/Frameworks/ImageIO.framework; sourceTree = SDKROOT; };
		06E618101DAB416200E11B96 /* libz.tbd */ = {isa = PBXFileReference; lastKnownFileType = "sourcecode.text-based-dylib-definition"; name = libz.tbd; path = usr/lib/libz.tbd; sourceTree = SDKROOT; };
		06E618121DAB416900E11B96 /* libc++.tbd */ = {isa = PBXFileReference; lastKnownFileType = "sourcecode.text-based-dylib-definition"; name = "libc++.tbd"; path = "usr/lib/libc++.tbd"; sourceTree = SDKROOT; };
		06E618141DAB417000E11B96 /* libstdc++.6.0.9.tbd */ = {isa = PBXFileReference; lastKnownFileType = "sourcecode.text-based-dylib-definition"; name = "libstdc++.6.0.9.tbd"; path = "usr/lib/libstdc++.6.0.9.tbd"; sourceTree = SDKROOT; };
		06E618161DAB417A00E11B96 /* libsqlite3.tbd */ = {isa = PBXFileReference; lastKnownFileType = "sourcecode.text-based-dylib-definition"; name = libsqlite3.tbd; path = usr/lib/libsqlite3.tbd; sourceTree = SDKROOT; };
		06E72F151DC1B1040054A4B9 /* MessageTest.plist */ = {isa = PBXFileReference; fileEncoding = 4; lastKnownFileType = text.plist.xml; path = MessageTest.plist; sourceTree = "<group>"; };
		06E72F161DC1B1040054A4B9 /* MessageTest2.plist */ = {isa = PBXFileReference; fileEncoding = 4; lastKnownFileType = text.plist.xml; path = MessageTest2.plist; sourceTree = "<group>"; };
		06E72F191DC1CF100054A4B9 /* EMMessageHandler.h */ = {isa = PBXFileReference; fileEncoding = 4; lastKnownFileType = sourcecode.c.h; path = EMMessageHandler.h; sourceTree = "<group>"; };
		06E72F1A1DC1CF100054A4B9 /* EMMessageHandler.m */ = {isa = PBXFileReference; fileEncoding = 4; lastKnownFileType = sourcecode.c.objc; path = EMMessageHandler.m; sourceTree = "<group>"; };
		06E72F1C1DC1E3110054A4B9 /* AppDelegate+Extensions.h */ = {isa = PBXFileReference; fileEncoding = 4; lastKnownFileType = sourcecode.c.h; path = "AppDelegate+Extensions.h"; sourceTree = "<group>"; };
		06E72F1D1DC1E3110054A4B9 /* AppDelegate+Extensions.m */ = {isa = PBXFileReference; fileEncoding = 4; lastKnownFileType = sourcecode.c.objc; path = "AppDelegate+Extensions.m"; sourceTree = "<group>"; };
		20168A8F6F5FB14116652276 /* libPods.a */ = {isa = PBXFileReference; explicitFileType = archive.ar; includeInIndex = 0; path = libPods.a; sourceTree = BUILT_PRODUCTS_DIR; };
		ABD3DE6E519BB73BDE5B7659 /* Pods-CHChatKitTests.release.xcconfig */ = {isa = PBXFileReference; includeInIndex = 1; lastKnownFileType = text.xcconfig; name = "Pods-CHChatKitTests.release.xcconfig"; path = "Pods/Target Support Files/Pods-CHChatKitTests/Pods-CHChatKitTests.release.xcconfig"; sourceTree = "<group>"; };
		AEFE531DCE5C9AA96B33DD36 /* Pods-CHChatKitTests.debug.xcconfig */ = {isa = PBXFileReference; includeInIndex = 1; lastKnownFileType = text.xcconfig; name = "Pods-CHChatKitTests.debug.xcconfig"; path = "Pods/Target Support Files/Pods-CHChatKitTests/Pods-CHChatKitTests.debug.xcconfig"; sourceTree = "<group>"; };
		B667F1D32CE7D3A7BF324DD8 /* Pods.release.xcconfig */ = {isa = PBXFileReference; includeInIndex = 1; lastKnownFileType = text.xcconfig; name = Pods.release.xcconfig; path = "Pods/Target Support Files/Pods/Pods.release.xcconfig"; sourceTree = "<group>"; };
		BAC4F4633E0FBB4A30D0AAD9 /* Pods-CHChatKit.release.xcconfig */ = {isa = PBXFileReference; includeInIndex = 1; lastKnownFileType = text.xcconfig; name = "Pods-CHChatKit.release.xcconfig"; path = "Pods/Target Support Files/Pods-CHChatKit/Pods-CHChatKit.release.xcconfig"; sourceTree = "<group>"; };
		CACB10AA6B404B2C902BF33E /* Pods-CHChatKit.debug.xcconfig */ = {isa = PBXFileReference; includeInIndex = 1; lastKnownFileType = text.xcconfig; name = "Pods-CHChatKit.debug.xcconfig"; path = "Pods/Target Support Files/Pods-CHChatKit/Pods-CHChatKit.debug.xcconfig"; sourceTree = "<group>"; };
		D1B3BE70589A5033D5F0B177 /* libPods-CHChatKit.a */ = {isa = PBXFileReference; explicitFileType = archive.ar; includeInIndex = 0; path = "libPods-CHChatKit.a"; sourceTree = BUILT_PRODUCTS_DIR; };
		E0BC858B491375F90A940434 /* Pods.debug.xcconfig */ = {isa = PBXFileReference; includeInIndex = 1; lastKnownFileType = text.xcconfig; name = Pods.debug.xcconfig; path = "Pods/Target Support Files/Pods/Pods.debug.xcconfig"; sourceTree = "<group>"; };
		EB18B39083970533DDBBC489 /* libPods-CHChatKitTests.a */ = {isa = PBXFileReference; explicitFileType = archive.ar; includeInIndex = 0; path = "libPods-CHChatKitTests.a"; sourceTree = BUILT_PRODUCTS_DIR; };
/* End PBXFileReference section */

/* Begin PBXFrameworksBuildPhase section */
		063523961DB0A51900A841EA /* Frameworks */ = {
			isa = PBXFrameworksBuildPhase;
			buildActionMask = 2147483647;
			files = (
				8281987977E16A6DC5551111 /* libPods-CHChatKitTests.a in Frameworks */,
			);
			runOnlyForDeploymentPostprocessing = 0;
		};
		069275361D77DA7900CAB0A5 /* Frameworks */ = {
			isa = PBXFrameworksBuildPhase;
			buildActionMask = 2147483647;
			files = (
				06E618171DAB417A00E11B96 /* libsqlite3.tbd in Frameworks */,
				06E618151DAB417000E11B96 /* libstdc++.6.0.9.tbd in Frameworks */,
				06E618131DAB416A00E11B96 /* libc++.tbd in Frameworks */,
				06E618111DAB416200E11B96 /* libz.tbd in Frameworks */,
				06E6180F1DAB415C00E11B96 /* ImageIO.framework in Frameworks */,
				06E6180D1DAB415800E11B96 /* MobileCoreServices.framework in Frameworks */,
				06DD8ED61DC71DCA00A6F048 /* libHyphenateSDK.a in Frameworks */,
				06E6180B1DAB415200E11B96 /* AVFoundation.framework in Frameworks */,
				06E618091DAB414E00E11B96 /* AudioToolbox.framework in Frameworks */,
				06E618071DAB414800E11B96 /* CoreMedia.framework in Frameworks */,
				86F5AB786DE6F4086C6E05E5 /* libPods-CHChatKit.a in Frameworks */,
			);
			runOnlyForDeploymentPostprocessing = 0;
		};
/* End PBXFrameworksBuildPhase section */

/* Begin PBXGroup section */
		0609294C1DC094E90004DE17 /* EMHandler */ = {
			isa = PBXGroup;
			children = (
				06DD8EB31DC71DCA00A6F048 /* HyphenateSDK */,
				06E72F1C1DC1E3110054A4B9 /* AppDelegate+Extensions.h */,
				06E72F1D1DC1E3110054A4B9 /* AppDelegate+Extensions.m */,
				06E72F191DC1CF100054A4B9 /* EMMessageHandler.h */,
				06E72F1A1DC1CF100054A4B9 /* EMMessageHandler.m */,
			);
			path = EMHandler;
			sourceTree = "<group>";
		};
		0635239A1DB0A51900A841EA /* CHChatKitTests */ = {
			isa = PBXGroup;
			children = (
				0635239B1DB0A51900A841EA /* CHChatKitTests.m */,
				0635239D1DB0A51900A841EA /* Info.plist */,
			);
			path = CHChatKitTests;
			sourceTree = "<group>";
		};
		0655C2A51DCA175800B8DA9F /* YYFPSLabel */ = {
			isa = PBXGroup;
			children = (
				0655C2A61DCA175800B8DA9F /* YYFPSLabel.h */,
				0655C2A71DCA175800B8DA9F /* YYFPSLabel.m */,
				0655C2A81DCA175800B8DA9F /* YYWeakProxy.h */,
				0655C2A91DCA175800B8DA9F /* YYWeakProxy.m */,
			);
			path = YYFPSLabel;
			sourceTree = "<group>";
		};
		068B4BCC1DAF88FE00AD4652 /* Business */ = {
			isa = PBXGroup;
			children = (
				0655C2A51DCA175800B8DA9F /* YYFPSLabel */,
				06E72F151DC1B1040054A4B9 /* MessageTest.plist */,
				06E72F161DC1B1040054A4B9 /* MessageTest2.plist */,
				0609294C1DC094E90004DE17 /* EMHandler */,
			);
			path = Business;
			sourceTree = "<group>";
		};
		069275301D77DA7900CAB0A5 = {
			isa = PBXGroup;
			children = (
				068B4BCC1DAF88FE00AD4652 /* Business */,
				069275531D77DAE200CAB0A5 /* Bootstrap */,
				0635239A1DB0A51900A841EA /* CHChatKitTests */,
				0692753A1D77DA7900CAB0A5 /* Products */,
				A7365978A50745D7ED0FFA9D /* Pods */,
				5900DB4D7CD8D3979F49312F /* Frameworks */,
			);
			sourceTree = "<group>";
		};
		0692753A1D77DA7900CAB0A5 /* Products */ = {
			isa = PBXGroup;
			children = (
				069275391D77DA7900CAB0A5 /* CHChatKit.app */,
				063523991DB0A51900A841EA /* CHChatKitTests.xctest */,
			);
			name = Products;
			sourceTree = "<group>";
		};
		069275531D77DAE200CAB0A5 /* Bootstrap */ = {
			isa = PBXGroup;
			children = (
				069275541D77DAE200CAB0A5 /* AppDelegate.h */,
				069275551D77DAE200CAB0A5 /* AppDelegate.m */,
				069275561D77DAE200CAB0A5 /* Assets.xcassets */,
				069275571D77DAE200CAB0A5 /* LaunchScreen.storyboard */,
				069275591D77DAE200CAB0A5 /* Main.storyboard */,
				0692755B1D77DAE200CAB0A5 /* Info.plist */,
				0692755C1D77DAE200CAB0A5 /* main.m */,
				0692755D1D77DAE200CAB0A5 /* ViewController.h */,
				0692755E1D77DAE200CAB0A5 /* ViewController.m */,
				067F60871E88DD3800060092 /* MyChatViewController.h */,
				067F60881E88DD3800060092 /* MyChatViewController.m */,
				067F608A1E88DEB400060092 /* ConversationTableController.h */,
				067F608B1E88DEB400060092 /* ConversationTableController.m */,
			);
			path = Bootstrap;
			sourceTree = "<group>";
		};
		06DD8EB31DC71DCA00A6F048 /* HyphenateSDK */ = {
			isa = PBXGroup;
			children = (
				06DD8EB41DC71DCA00A6F048 /* include */,
				06DD8ED41DC71DCA00A6F048 /* lib */,
			);
			path = HyphenateSDK;
			sourceTree = "<group>";
		};
		06DD8EB41DC71DCA00A6F048 /* include */ = {
			isa = PBXGroup;
			children = (
				06DD8EB51DC71DCA00A6F048 /* EMChatManagerDelegate.h */,
				06DD8EB61DC71DCA00A6F048 /* EMChatroom.h */,
				06DD8EB71DC71DCA00A6F048 /* EMChatroomManagerDelegate.h */,
				06DD8EB81DC71DCA00A6F048 /* EMClient.h */,
				06DD8EB91DC71DCA00A6F048 /* EMClientDelegate.h */,
				06DD8EBA1DC71DCA00A6F048 /* EMCmdMessageBody.h */,
				06DD8EBB1DC71DCA00A6F048 /* EMCommonDefs.h */,
				06DD8EBC1DC71DCA00A6F048 /* EMContactManagerDelegate.h */,
				06DD8EBD1DC71DCA00A6F048 /* EMConversation.h */,
				06DD8EBE1DC71DCA00A6F048 /* EMCursorResult.h */,
				06DD8EBF1DC71DCA00A6F048 /* EMError.h */,
				06DD8EC01DC71DCA00A6F048 /* EMErrorCode.h */,
				06DD8EC11DC71DCA00A6F048 /* EMFileMessageBody.h */,
				06DD8EC21DC71DCA00A6F048 /* EMGroup.h */,
				06DD8EC31DC71DCA00A6F048 /* EMGroupManagerDelegate.h */,
				06DD8EC41DC71DCA00A6F048 /* EMGroupOptions.h */,
				06DD8EC51DC71DCA00A6F048 /* EMImageMessageBody.h */,
				06DD8EC61DC71DCA00A6F048 /* EMLocationMessageBody.h */,
				06DD8EC71DC71DCA00A6F048 /* EMMessage.h */,
				06DD8EC81DC71DCA00A6F048 /* EMMessageBody.h */,
				06DD8EC91DC71DCA00A6F048 /* EMOptions+PrivateDeploy.h */,
				06DD8ECA1DC71DCA00A6F048 /* EMOptions.h */,
				06DD8ECB1DC71DCA00A6F048 /* EMPushOptions.h */,
				06DD8ECC1DC71DCA00A6F048 /* EMSDK.h */,
				06DD8ECD1DC71DCA00A6F048 /* EMTextMessageBody.h */,
				06DD8ECE1DC71DCA00A6F048 /* EMVideoMessageBody.h */,
				06DD8ECF1DC71DCA00A6F048 /* EMVoiceMessageBody.h */,
				06DD8ED01DC71DCA00A6F048 /* IEMChatManager.h */,
				06DD8ED11DC71DCA00A6F048 /* IEMChatroomManager.h */,
				06DD8ED21DC71DCA00A6F048 /* IEMContactManager.h */,
				06DD8ED31DC71DCA00A6F048 /* IEMGroupManager.h */,
			);
			path = include;
			sourceTree = "<group>";
		};
		06DD8ED41DC71DCA00A6F048 /* lib */ = {
			isa = PBXGroup;
			children = (
				06DD8ED51DC71DCA00A6F048 /* libHyphenateSDK.a */,
			);
			path = lib;
			sourceTree = "<group>";
		};
		5900DB4D7CD8D3979F49312F /* Frameworks */ = {
			isa = PBXGroup;
			children = (
				06E618161DAB417A00E11B96 /* libsqlite3.tbd */,
				06E618141DAB417000E11B96 /* libstdc++.6.0.9.tbd */,
				06E618121DAB416900E11B96 /* libc++.tbd */,
				06E618101DAB416200E11B96 /* libz.tbd */,
				06E6180E1DAB415C00E11B96 /* ImageIO.framework */,
				06E6180C1DAB415800E11B96 /* MobileCoreServices.framework */,
				06E6180A1DAB415200E11B96 /* AVFoundation.framework */,
				06E618081DAB414E00E11B96 /* AudioToolbox.framework */,
				06E618061DAB414800E11B96 /* CoreMedia.framework */,
				20168A8F6F5FB14116652276 /* libPods.a */,
				EB18B39083970533DDBBC489 /* libPods-CHChatKitTests.a */,
				D1B3BE70589A5033D5F0B177 /* libPods-CHChatKit.a */,
			);
			name = Frameworks;
			sourceTree = "<group>";
		};
		A7365978A50745D7ED0FFA9D /* Pods */ = {
			isa = PBXGroup;
			children = (
				E0BC858B491375F90A940434 /* Pods.debug.xcconfig */,
				B667F1D32CE7D3A7BF324DD8 /* Pods.release.xcconfig */,
				CACB10AA6B404B2C902BF33E /* Pods-CHChatKit.debug.xcconfig */,
				BAC4F4633E0FBB4A30D0AAD9 /* Pods-CHChatKit.release.xcconfig */,
				AEFE531DCE5C9AA96B33DD36 /* Pods-CHChatKitTests.debug.xcconfig */,
				ABD3DE6E519BB73BDE5B7659 /* Pods-CHChatKitTests.release.xcconfig */,
			);
			name = Pods;
			sourceTree = "<group>";
		};
/* End PBXGroup section */

/* Begin PBXNativeTarget section */
		063523981DB0A51900A841EA /* CHChatKitTests */ = {
			isa = PBXNativeTarget;
			buildConfigurationList = 063523A01DB0A51900A841EA /* Build configuration list for PBXNativeTarget "CHChatKitTests" */;
			buildPhases = (
				71949BCAF3033F11EFBDBECB /* [CP] Check Pods Manifest.lock */,
				063523951DB0A51900A841EA /* Sources */,
				063523961DB0A51900A841EA /* Frameworks */,
				063523971DB0A51900A841EA /* Resources */,
				B06565735AE46029BE69CA16 /* [CP] Embed Pods Frameworks */,
				D2560B00B998D979E3FB57C3 /* [CP] Copy Pods Resources */,
			);
			buildRules = (
			);
			dependencies = (
				0635239F1DB0A51900A841EA /* PBXTargetDependency */,
			);
			name = CHChatKitTests;
			productName = CHChatKitTests;
			productReference = 063523991DB0A51900A841EA /* CHChatKitTests.xctest */;
			productType = "com.apple.product-type.bundle.unit-test";
		};
		069275381D77DA7900CAB0A5 /* CHChatKit */ = {
			isa = PBXNativeTarget;
			buildConfigurationList = 069275501D77DA7B00CAB0A5 /* Build configuration list for PBXNativeTarget "CHChatKit" */;
			buildPhases = (
				B15FD586B3C289C48B655A44 /* [CP] Check Pods Manifest.lock */,
				069275351D77DA7900CAB0A5 /* Sources */,
				069275361D77DA7900CAB0A5 /* Frameworks */,
				069275371D77DA7900CAB0A5 /* Resources */,
				832F8805FBCC6F7FDCDDEE2A /* [CP] Embed Pods Frameworks */,
				2F5330B777A18E02D53F1501 /* [CP] Copy Pods Resources */,
			);
			buildRules = (
			);
			dependencies = (
			);
			name = CHChatKit;
			productName = CHChatKit;
			productReference = 069275391D77DA7900CAB0A5 /* CHChatKit.app */;
			productType = "com.apple.product-type.application";
		};
/* End PBXNativeTarget section */

/* Begin PBXProject section */
		069275311D77DA7900CAB0A5 /* Project object */ = {
			isa = PBXProject;
			attributes = {
				LastUpgradeCheck = 0800;
				ORGANIZATIONNAME = Chausson;
				TargetAttributes = {
					063523981DB0A51900A841EA = {
						CreatedOnToolsVersion = 7.3;
						TestTargetID = 069275381D77DA7900CAB0A5;
					};
					069275381D77DA7900CAB0A5 = {
						CreatedOnToolsVersion = 7.3;
						DevelopmentTeam = 4539V58G9H;
						ProvisioningStyle = Manual;
					};
				};
			};
			buildConfigurationList = 069275341D77DA7900CAB0A5 /* Build configuration list for PBXProject "CHChatKit" */;
			compatibilityVersion = "Xcode 3.2";
			developmentRegion = English;
			hasScannedForEncodings = 0;
			knownRegions = (
				en,
				Base,
			);
			mainGroup = 069275301D77DA7900CAB0A5;
			productRefGroup = 0692753A1D77DA7900CAB0A5 /* Products */;
			projectDirPath = "";
			projectRoot = "";
			targets = (
				069275381D77DA7900CAB0A5 /* CHChatKit */,
				063523981DB0A51900A841EA /* CHChatKitTests */,
			);
		};
/* End PBXProject section */

/* Begin PBXResourcesBuildPhase section */
		063523971DB0A51900A841EA /* Resources */ = {
			isa = PBXResourcesBuildPhase;
			buildActionMask = 2147483647;
			files = (
			);
			runOnlyForDeploymentPostprocessing = 0;
		};
		069275371D77DA7900CAB0A5 /* Resources */ = {
			isa = PBXResourcesBuildPhase;
			buildActionMask = 2147483647;
			files = (
				0692756F1D77DAE200CAB0A5 /* Main.storyboard in Resources */,
				06E72F181DC1B1040054A4B9 /* MessageTest2.plist in Resources */,
				0692756D1D77DAE200CAB0A5 /* Assets.xcassets in Resources */,
				06E72F171DC1B1040054A4B9 /* MessageTest.plist in Resources */,
				0692756E1D77DAE200CAB0A5 /* LaunchScreen.storyboard in Resources */,
			);
			runOnlyForDeploymentPostprocessing = 0;
		};
/* End PBXResourcesBuildPhase section */

/* Begin PBXShellScriptBuildPhase section */
		2F5330B777A18E02D53F1501 /* [CP] Copy Pods Resources */ = {
			isa = PBXShellScriptBuildPhase;
			buildActionMask = 2147483647;
			files = (
			);
			inputPaths = (
			);
			name = "[CP] Copy Pods Resources";
			outputPaths = (
			);
			runOnlyForDeploymentPostprocessing = 0;
			shellPath = /bin/sh;
			shellScript = "\"${SRCROOT}/Pods/Target Support Files/Pods-CHChatKit/Pods-CHChatKit-resources.sh\"\n";
			showEnvVarsInLog = 0;
		};
		71949BCAF3033F11EFBDBECB /* [CP] Check Pods Manifest.lock */ = {
			isa = PBXShellScriptBuildPhase;
			buildActionMask = 2147483647;
			files = (
			);
			inputPaths = (
			);
			name = "[CP] Check Pods Manifest.lock";
			outputPaths = (
			);
			runOnlyForDeploymentPostprocessing = 0;
			shellPath = /bin/sh;
			shellScript = "diff \"${PODS_ROOT}/../Podfile.lock\" \"${PODS_ROOT}/Manifest.lock\" > /dev/null\nif [ $? != 0 ] ; then\n    # print error to STDERR\n    echo \"error: The sandbox is not in sync with the Podfile.lock. Run 'pod install' or update your CocoaPods installation.\" >&2\n    exit 1\nfi\n";
			showEnvVarsInLog = 0;
		};
		832F8805FBCC6F7FDCDDEE2A /* [CP] Embed Pods Frameworks */ = {
			isa = PBXShellScriptBuildPhase;
			buildActionMask = 2147483647;
			files = (
			);
			inputPaths = (
			);
			name = "[CP] Embed Pods Frameworks";
			outputPaths = (
			);
			runOnlyForDeploymentPostprocessing = 0;
			shellPath = /bin/sh;
			shellScript = "\"${SRCROOT}/Pods/Target Support Files/Pods-CHChatKit/Pods-CHChatKit-frameworks.sh\"\n";
			showEnvVarsInLog = 0;
		};
		B06565735AE46029BE69CA16 /* [CP] Embed Pods Frameworks */ = {
			isa = PBXShellScriptBuildPhase;
			buildActionMask = 2147483647;
			files = (
			);
			inputPaths = (
			);
			name = "[CP] Embed Pods Frameworks";
			outputPaths = (
			);
			runOnlyForDeploymentPostprocessing = 0;
			shellPath = /bin/sh;
			shellScript = "\"${SRCROOT}/Pods/Target Support Files/Pods-CHChatKitTests/Pods-CHChatKitTests-frameworks.sh\"\n";
			showEnvVarsInLog = 0;
		};
		B15FD586B3C289C48B655A44 /* [CP] Check Pods Manifest.lock */ = {
			isa = PBXShellScriptBuildPhase;
			buildActionMask = 2147483647;
			files = (
			);
			inputPaths = (
			);
			name = "[CP] Check Pods Manifest.lock";
			outputPaths = (
			);
			runOnlyForDeploymentPostprocessing = 0;
			shellPath = /bin/sh;
			shellScript = "diff \"${PODS_ROOT}/../Podfile.lock\" \"${PODS_ROOT}/Manifest.lock\" > /dev/null\nif [ $? != 0 ] ; then\n    # print error to STDERR\n    echo \"error: The sandbox is not in sync with the Podfile.lock. Run 'pod install' or update your CocoaPods installation.\" >&2\n    exit 1\nfi\n";
			showEnvVarsInLog = 0;
		};
		D2560B00B998D979E3FB57C3 /* [CP] Copy Pods Resources */ = {
			isa = PBXShellScriptBuildPhase;
			buildActionMask = 2147483647;
			files = (
			);
			inputPaths = (
			);
			name = "[CP] Copy Pods Resources";
			outputPaths = (
			);
			runOnlyForDeploymentPostprocessing = 0;
			shellPath = /bin/sh;
			shellScript = "\"${SRCROOT}/Pods/Target Support Files/Pods-CHChatKitTests/Pods-CHChatKitTests-resources.sh\"\n";
			showEnvVarsInLog = 0;
		};
/* End PBXShellScriptBuildPhase section */

/* Begin PBXSourcesBuildPhase section */
		063523951DB0A51900A841EA /* Sources */ = {
			isa = PBXSourcesBuildPhase;
			buildActionMask = 2147483647;
			files = (
				0635239C1DB0A51900A841EA /* CHChatKitTests.m in Sources */,
			);
			runOnlyForDeploymentPostprocessing = 0;
		};
		069275351D77DA7900CAB0A5 /* Sources */ = {
			isa = PBXSourcesBuildPhase;
			buildActionMask = 2147483647;
			files = (
				067F608C1E88DEB400060092 /* ConversationTableController.m in Sources */,
				0655C2AB1DCA175800B8DA9F /* YYWeakProxy.m in Sources */,
				069275721D77DAE200CAB0A5 /* ViewController.m in Sources */,
				0655C2AA1DCA175800B8DA9F /* YYFPSLabel.m in Sources */,
				069275711D77DAE200CAB0A5 /* main.m in Sources */,
				0692756C1D77DAE200CAB0A5 /* AppDelegate.m in Sources */,
				06E72F1B1DC1CF100054A4B9 /* EMMessageHandler.m in Sources */,
				067F60891E88DD3800060092 /* MyChatViewController.m in Sources */,
				06E72F1E1DC1E3110054A4B9 /* AppDelegate+Extensions.m in Sources */,
			);
			runOnlyForDeploymentPostprocessing = 0;
		};
/* End PBXSourcesBuildPhase section */

/* Begin PBXTargetDependency section */
		0635239F1DB0A51900A841EA /* PBXTargetDependency */ = {
			isa = PBXTargetDependency;
			target = 069275381D77DA7900CAB0A5 /* CHChatKit */;
			targetProxy = 0635239E1DB0A51900A841EA /* PBXContainerItemProxy */;
		};
/* End PBXTargetDependency section */

/* Begin PBXVariantGroup section */
		069275571D77DAE200CAB0A5 /* LaunchScreen.storyboard */ = {
			isa = PBXVariantGroup;
			children = (
				069275581D77DAE200CAB0A5 /* Base */,
			);
			name = LaunchScreen.storyboard;
			sourceTree = "<group>";
		};
		069275591D77DAE200CAB0A5 /* Main.storyboard */ = {
			isa = PBXVariantGroup;
			children = (
				0692755A1D77DAE200CAB0A5 /* Base */,
			);
			name = Main.storyboard;
			sourceTree = "<group>";
		};
/* End PBXVariantGroup section */

/* Begin XCBuildConfiguration section */
		063523A11DB0A51900A841EA /* Debug */ = {
			isa = XCBuildConfiguration;
			baseConfigurationReference = AEFE531DCE5C9AA96B33DD36 /* Pods-CHChatKitTests.debug.xcconfig */;
			buildSettings = {
				BUNDLE_LOADER = "$(TEST_HOST)";
				INFOPLIST_FILE = CHChatKitTests/Info.plist;
				IPHONEOS_DEPLOYMENT_TARGET = 9.3;
				LD_RUNPATH_SEARCH_PATHS = "$(inherited) @executable_path/Frameworks @loader_path/Frameworks";
				PRODUCT_BUNDLE_IDENTIFIER = Chausson.CHChatKitTests;
				PRODUCT_NAME = "$(TARGET_NAME)";
				TEST_HOST = "$(BUILT_PRODUCTS_DIR)/CHChatKit.app/CHChatKit";
			};
			name = Debug;
		};
		063523A21DB0A51900A841EA /* Release */ = {
			isa = XCBuildConfiguration;
			baseConfigurationReference = ABD3DE6E519BB73BDE5B7659 /* Pods-CHChatKitTests.release.xcconfig */;
			buildSettings = {
				BUNDLE_LOADER = "$(TEST_HOST)";
				INFOPLIST_FILE = CHChatKitTests/Info.plist;
				IPHONEOS_DEPLOYMENT_TARGET = 9.3;
				LD_RUNPATH_SEARCH_PATHS = "$(inherited) @executable_path/Frameworks @loader_path/Frameworks";
				PRODUCT_BUNDLE_IDENTIFIER = Chausson.CHChatKitTests;
				PRODUCT_NAME = "$(TARGET_NAME)";
				TEST_HOST = "$(BUILT_PRODUCTS_DIR)/CHChatKit.app/CHChatKit";
			};
			name = Release;
		};
		0692754E1D77DA7B00CAB0A5 /* Debug */ = {
			isa = XCBuildConfiguration;
			buildSettings = {
				ALWAYS_SEARCH_USER_PATHS = NO;
				CLANG_ANALYZER_NONNULL = YES;
				CLANG_CXX_LANGUAGE_STANDARD = "gnu++0x";
				CLANG_CXX_LIBRARY = "libc++";
				CLANG_ENABLE_MODULES = YES;
				CLANG_ENABLE_OBJC_ARC = YES;
				CLANG_WARN_BOOL_CONVERSION = YES;
				CLANG_WARN_CONSTANT_CONVERSION = YES;
				CLANG_WARN_DIRECT_OBJC_ISA_USAGE = YES_ERROR;
				CLANG_WARN_EMPTY_BODY = YES;
				CLANG_WARN_ENUM_CONVERSION = YES;
				CLANG_WARN_INFINITE_RECURSION = YES;
				CLANG_WARN_INT_CONVERSION = YES;
				CLANG_WARN_OBJC_ROOT_CLASS = YES_ERROR;
				CLANG_WARN_SUSPICIOUS_MOVE = YES;
				CLANG_WARN_UNREACHABLE_CODE = YES;
				CLANG_WARN__DUPLICATE_METHOD_MATCH = YES;
				"CODE_SIGN_IDENTITY[sdk=iphoneos*]" = "iPhone Developer";
				COPY_PHASE_STRIP = NO;
				DEBUG_INFORMATION_FORMAT = dwarf;
				ENABLE_STRICT_OBJC_MSGSEND = YES;
				ENABLE_TESTABILITY = YES;
				GCC_C_LANGUAGE_STANDARD = gnu99;
				GCC_DYNAMIC_NO_PIC = NO;
				GCC_NO_COMMON_BLOCKS = YES;
				GCC_OPTIMIZATION_LEVEL = 0;
				GCC_PREPROCESSOR_DEFINITIONS = (
					"DEBUG=1",
					"$(inherited)",
				);
				GCC_WARN_64_TO_32_BIT_CONVERSION = YES;
				GCC_WARN_ABOUT_RETURN_TYPE = YES_ERROR;
				GCC_WARN_UNDECLARED_SELECTOR = YES;
				GCC_WARN_UNINITIALIZED_AUTOS = YES_AGGRESSIVE;
				GCC_WARN_UNUSED_FUNCTION = YES;
				GCC_WARN_UNUSED_VARIABLE = YES;
				IPHONEOS_DEPLOYMENT_TARGET = 8.0;
				MTL_ENABLE_DEBUG_INFO = YES;
				ONLY_ACTIVE_ARCH = YES;
				SDKROOT = iphoneos;
			};
			name = Debug;
		};
		0692754F1D77DA7B00CAB0A5 /* Release */ = {
			isa = XCBuildConfiguration;
			buildSettings = {
				ALWAYS_SEARCH_USER_PATHS = NO;
				CLANG_ANALYZER_NONNULL = YES;
				CLANG_CXX_LANGUAGE_STANDARD = "gnu++0x";
				CLANG_CXX_LIBRARY = "libc++";
				CLANG_ENABLE_MODULES = YES;
				CLANG_ENABLE_OBJC_ARC = YES;
				CLANG_WARN_BOOL_CONVERSION = YES;
				CLANG_WARN_CONSTANT_CONVERSION = YES;
				CLANG_WARN_DIRECT_OBJC_ISA_USAGE = YES_ERROR;
				CLANG_WARN_EMPTY_BODY = YES;
				CLANG_WARN_ENUM_CONVERSION = YES;
				CLANG_WARN_INFINITE_RECURSION = YES;
				CLANG_WARN_INT_CONVERSION = YES;
				CLANG_WARN_OBJC_ROOT_CLASS = YES_ERROR;
				CLANG_WARN_SUSPICIOUS_MOVE = YES;
				CLANG_WARN_UNREACHABLE_CODE = YES;
				CLANG_WARN__DUPLICATE_METHOD_MATCH = YES;
				"CODE_SIGN_IDENTITY[sdk=iphoneos*]" = "iPhone Developer";
				COPY_PHASE_STRIP = NO;
				DEBUG_INFORMATION_FORMAT = "dwarf-with-dsym";
				ENABLE_NS_ASSERTIONS = NO;
				ENABLE_STRICT_OBJC_MSGSEND = YES;
				GCC_C_LANGUAGE_STANDARD = gnu99;
				GCC_NO_COMMON_BLOCKS = YES;
				GCC_WARN_64_TO_32_BIT_CONVERSION = YES;
				GCC_WARN_ABOUT_RETURN_TYPE = YES_ERROR;
				GCC_WARN_UNDECLARED_SELECTOR = YES;
				GCC_WARN_UNINITIALIZED_AUTOS = YES_AGGRESSIVE;
				GCC_WARN_UNUSED_FUNCTION = YES;
				GCC_WARN_UNUSED_VARIABLE = YES;
				IPHONEOS_DEPLOYMENT_TARGET = 8.0;
				MTL_ENABLE_DEBUG_INFO = NO;
				SDKROOT = iphoneos;
				VALIDATE_PRODUCT = YES;
			};
			name = Release;
		};
		069275511D77DA7B00CAB0A5 /* Debug */ = {
			isa = XCBuildConfiguration;
			baseConfigurationReference = CACB10AA6B404B2C902BF33E /* Pods-CHChatKit.debug.xcconfig */;
			buildSettings = {
				ASSETCATALOG_COMPILER_APPICON_NAME = AppIcon;
				CODE_SIGN_IDENTITY = "iPhone Developer";
				"CODE_SIGN_IDENTITY[sdk=iphoneos*]" = "iPhone Distribution";
				DEVELOPMENT_TEAM = 4539V58G9H;
				ENABLE_BITCODE = NO;
				INFOPLIST_FILE = "$(SRCROOT)/Bootstrap/Info.plist";
				IPHONEOS_DEPLOYMENT_TARGET = 8.0;
				LD_RUNPATH_SEARCH_PATHS = "$(inherited) @executable_path/Frameworks";
				LIBRARY_SEARCH_PATHS = (
					"$(inherited)",
					"$(PROJECT_DIR)/CHChatKit/Vendors/MJRefresh/amrwapper/opencore-amrnb",
					"$(PROJECT_DIR)/CHChatKit/Vendors/MJRefresh/amrwapper/opencore-amrwb",
					"$(PROJECT_DIR)/Business/HyphenateFullSDK/lib",
					"$(PROJECT_DIR)/Business/HyphenateSDK/lib",
					"$(PROJECT_DIR)/Business/EMHandler/HyphenateSDK/lib",
				);
				PRODUCT_BUNDLE_IDENTIFIER = KuaiCTO.chausson.com;
				PRODUCT_NAME = "$(TARGET_NAME)";
				PROVISIONING_PROFILE = "e5c219d5-7cef-48bc-8579-c33cfcdd67ae";
				PROVISIONING_PROFILE_SPECIFIER = "XC iOS: KuaiCTO.chausson.com";
			};
			name = Debug;
		};
		069275521D77DA7B00CAB0A5 /* Release */ = {
			isa = XCBuildConfiguration;
			baseConfigurationReference = BAC4F4633E0FBB4A30D0AAD9 /* Pods-CHChatKit.release.xcconfig */;
			buildSettings = {
				ASSETCATALOG_COMPILER_APPICON_NAME = AppIcon;
				CODE_SIGN_IDENTITY = "iPhone Developer";
				"CODE_SIGN_IDENTITY[sdk=iphoneos*]" = "iPhone Distribution";
				DEVELOPMENT_TEAM = 4539V58G9H;
				ENABLE_BITCODE = NO;
				INFOPLIST_FILE = "$(SRCROOT)/Bootstrap/Info.plist";
				IPHONEOS_DEPLOYMENT_TARGET = 8.0;
				LD_RUNPATH_SEARCH_PATHS = "$(inherited) @executable_path/Frameworks";
				LIBRARY_SEARCH_PATHS = (
					"$(inherited)",
					"$(PROJECT_DIR)/CHChatKit/Vendors/MJRefresh/amrwapper/opencore-amrnb",
					"$(PROJECT_DIR)/CHChatKit/Vendors/MJRefresh/amrwapper/opencore-amrwb",
					"$(PROJECT_DIR)/Business/HyphenateFullSDK/lib",
					"$(PROJECT_DIR)/Business/HyphenateSDK/lib",
					"$(PROJECT_DIR)/Business/EMHandler/HyphenateSDK/lib",
				);
				PRODUCT_BUNDLE_IDENTIFIER = KuaiCTO.chausson.com;
				PRODUCT_NAME = "$(TARGET_NAME)";
				PROVISIONING_PROFILE = "e5c219d5-7cef-48bc-8579-c33cfcdd67ae";
				PROVISIONING_PROFILE_SPECIFIER = "XC iOS: KuaiCTO.chausson.com";
			};
			name = Release;
		};
/* End XCBuildConfiguration section */

/* Begin XCConfigurationList section */
		063523A01DB0A51900A841EA /* Build configuration list for PBXNativeTarget "CHChatKitTests" */ = {
			isa = XCConfigurationList;
			buildConfigurations = (
				063523A11DB0A51900A841EA /* Debug */,
				063523A21DB0A51900A841EA /* Release */,
			);
			defaultConfigurationIsVisible = 0;
			defaultConfigurationName = Release;
		};
		069275341D77DA7900CAB0A5 /* Build configuration list for PBXProject "CHChatKit" */ = {
			isa = XCConfigurationList;
			buildConfigurations = (
				0692754E1D77DA7B00CAB0A5 /* Debug */,
				0692754F1D77DA7B00CAB0A5 /* Release */,
			);
			defaultConfigurationIsVisible = 0;
			defaultConfigurationName = Release;
		};
		069275501D77DA7B00CAB0A5 /* Build configuration list for PBXNativeTarget "CHChatKit" */ = {
			isa = XCConfigurationList;
			buildConfigurations = (
				069275511D77DA7B00CAB0A5 /* Debug */,
				069275521D77DA7B00CAB0A5 /* Release */,
			);
			defaultConfigurationIsVisible = 0;
			defaultConfigurationName = Release;
		};
/* End XCConfigurationList section */
	};
	rootObject = 069275311D77DA7900CAB0A5 /* Project object */;
}
